{
    "_meta": {
        "hash": {
            "sha256": "ecfdcb752b1c500479641f37125138cebf588f23d1ea2cd1756846ce8730cfc3"
        },
        "pipfile-spec": 6,
        "requires": {
            "python_version": "3"
        },
        "sources": [
            {
                "name": "pypi",
                "url": "https://pypi.org/simple",
                "verify_ssl": true
            }
        ]
    },
    "default": {
        "aiofiles": {
            "hashes": [
                "sha256:7a973fc22b29e9962d0897805ace5856e6a566ab1f0c8e5c91ff6c866519c937",
                "sha256:8334f23235248a3b2e83b2c3a78a22674f39969b96397126cc93664d9a901e59"
            ],
            "markers": "python_version >= '3.6' and python_version < '4.0'",
            "version": "==0.8.0"
        },
        "ajsonrpc": {
            "hashes": [
                "sha256:0fa2c1cf8e619d18ffee96043822032d6520eda65d3b712f9540a3a63e9cac25",
                "sha256:791bac18f0bf0dee109194644f151cf8b7ff529c4b8d6239ac48104a3251a19f"
            ],
            "markers": "python_version >= '3.5'",
            "version": "==1.2.0"
        },
        "anyio": {
            "hashes": [
                "sha256:a0aeffe2fb1fdf374a8e4b471444f0f3ac4fb9f5a5b542b48824475e0042a5a6",
                "sha256:b5fa16c5ff93fa1046f2eeb5bbff2dad4d3514d6cda61d02816dba34fa8c3c2e"
            ],
            "markers": "python_full_version >= '3.6.2'",
            "version": "==3.5.0"
        },
        "asgiref": {
            "hashes": [
                "sha256:2f8abc20f7248433085eda803936d98992f1343ddb022065779f37c5da0181d0",
                "sha256:88d59c13d634dcffe0510be048210188edd79aeccb6a6c9028cdad6f31d730a9"
            ],
            "markers": "python_version >= '3.7'",
            "version": "==3.5.0"
        },
        "bottle": {
            "hashes": [
                "sha256:a9d73ffcbc6a1345ca2d7949638db46349f5b2b77dac65d6494d45c23628da2c",
                "sha256:f6b8a34fe9aa406f9813c02990db72ca69ce6a158b5b156d2c41f345016a723d"
            ],
            "version": "==0.12.19"
        },
        "certifi": {
            "hashes": [
                "sha256:78884e7c1d4b00ce3cea67b44566851c4343c120abd683433ce934a68ea58872",
                "sha256:d62a0163eb4c2344ac042ab2bdf75399a71a2d8c7d47eac2e2ee91b9d6339569"
            ],
            "version": "==2021.10.8"
        },
        "charset-normalizer": {
            "hashes": [
                "sha256:2857e29ff0d34db842cd7ca3230549d1a697f96ee6d3fb071cfa6c7393832597",
                "sha256:6881edbebdb17b39b4eaaa821b438bf6eddffb4468cf344f09f89def34a8b1df"
            ],
            "markers": "python_version >= '3'",
            "version": "==2.0.12"
        },
        "click": {
            "hashes": [
                "sha256:6a7a62563bbfabfda3a38f3023a1db4a35978c0abd76f6c9605ecd6554d6d9b1",
                "sha256:8458d7b1287c5fb128c90e23381cf99dcde74beaf6c7ff6384ce84d6fe090adb"
            ],
            "markers": "python_version >= '3.6'",
            "version": "==8.0.4"
        },
        "colorama": {
            "hashes": [
                "sha256:5941b2b48a20143d2267e95b1c2a7603ce057ee39fd88e7329b0c292aa16869b",
                "sha256:9f47eda37229f68eee03b24b9748937c7dc3868f906e8ba69fbcbdd3bc5dc3e2"
            ],
            "markers": "python_version >= '2.7' and python_version not in '3.0, 3.1, 3.2, 3.3, 3.4'",
            "version": "==0.4.4"
        },
        "h11": {
            "hashes": [
                "sha256:70813c1135087a248a4d38cc0e1a0181ffab2188141a93eaf567940c3957ff06",
                "sha256:8ddd78563b633ca55346c8cd41ec0af27d3c79931828beffb46ce70a379e7442"
            ],
            "markers": "python_version >= '3.6'",
            "version": "==0.13.0"
        },
        "idna": {
            "hashes": [
                "sha256:84d9dd047ffa80596e0f246e2eab0b391788b0503584e8945f2368256d2735ff",
                "sha256:9d643ff0a55b762d5cdb124b8eaa99c66322e2157b69160bc32796e824360e6d"
            ],
            "markers": "python_version >= '3'",
            "version": "==3.3"
        },
        "ifaddr": {
            "hashes": [
                "sha256:1f9e8a6ca6f16db5a37d3356f07b6e52344f6f9f7e806d618537731669eb1a94",
                "sha256:d1f603952f0a71c9ab4e705754511e4e03b02565bc4cec7188ad6415ff534cd3"
            ],
            "version": "==0.1.7"
        },
        "marshmallow": {
            "hashes": [
                "sha256:04438610bc6dadbdddb22a4a55bcc7f6f8099e69580b2e67f5a681933a1f4400",
                "sha256:4c05c1684e0e97fe779c62b91878f173b937fe097b356cd82f793464f5bc6138"
            ],
            "markers": "python_version >= '3.6'",
            "version": "==3.14.1"
        },
        "platformio": {
            "hashes": [
                "sha256:aa0d1ff8a17ac1952eb45d37a84d4aa6e5d1aa65098bd1525db34be83c42c4ae"
            ],
            "index": "pypi",
            "version": "==5.2.5"
        },
        "pyelftools": {
            "hashes": [
                "sha256:1509d30756a14a8c9a6670778144fb9a04b311751ddac019dcc0c2f28da03ccc",
                "sha256:53e5609cac016471d40bd88dc410cd90755942c25e58a61021cfdf7abdfeacff"
            ],
            "version": "==0.28"
        },
        "pyserial": {
            "hashes": [
                "sha256:3c77e014170dfffbd816e6ffc205e9842efb10be9f58ec16d3e8675b4925cddb",
                "sha256:c4451db6ba391ca6ca299fb3ec7bae67a5c55dde170964c7a14ceefec02f2cf0"
            ],
            "version": "==3.5"
        },
        "requests": {
            "hashes": [
                "sha256:68d7c56fd5a8999887728ef304a6d12edc7be74f1cfa47714fc8b414525c9a61",
                "sha256:f22fa1e554c9ddfd16e6e41ac79759e17be9e492b3587efa038054674760e72d"
            ],
            "markers": "python_version >= '2.7' and python_version not in '3.0, 3.1, 3.2, 3.3, 3.4, 3.5'",
            "version": "==2.27.1"
        },
        "semantic-version": {
            "hashes": [
                "sha256:abf54873553e5e07a6fd4d5f653b781f5ae41297a493666b59dcf214006a12b2",
                "sha256:db2504ab37902dd2c9876ece53567aa43a5b2a417fbe188097b2048fff46da3d"
            ],
            "markers": "python_version >= '2.7'",
            "version": "==2.9.0"
        },
        "sniffio": {
            "hashes": [
                "sha256:471b71698eac1c2112a40ce2752bb2f4a4814c22a54a3eed3676bc0f5ca9f663",
                "sha256:c4666eecec1d3f50960c6bdf61ab7bc350648da6c126e3cf6898d8cd4ddcd3de"
            ],
            "markers": "python_version >= '3.5'",
            "version": "==1.2.0"
        },
        "starlette": {
            "hashes": [
                "sha256:377d64737a0e03560cb8eaa57604afee143cea5a4996933242798a7820e64f53",
                "sha256:b45c6e9a617ecb5caf7e6446bd8d767b0084d6217e8e1b08187ca5191e10f097"
            ],
            "markers": "python_version >= '3.6'",
            "version": "==0.18.0"
        },
        "tabulate": {
            "hashes": [
                "sha256:d7c013fe7abbc5e491394e10fa845f8f32fe54f8dc60c6622c6cf482d25d47e4",
                "sha256:eb1d13f25760052e8931f2ef80aaf6045a6cceb47514db8beab24cded16f13a7"
            ],
            "version": "==0.8.9"
        },
        "urllib3": {
            "hashes": [
                "sha256:000ca7f471a233c2251c6c7023ee85305721bfdf18621ebff4fd17a8653427ed",
                "sha256:0e7c33d9a63e7ddfcb86780aac87befc2fbddf46c58dbb487e0855f7ceec283c"
            ],
            "markers": "python_version >= '2.7' and python_version not in '3.0, 3.1, 3.2, 3.3, 3.4' and python_version < '4.0'",
            "version": "==1.26.8"
        },
        "uvicorn": {
            "hashes": [
                "sha256:8adddf629b79857b48b999ae1b14d6c92c95d4d7840bd86461f09bee75f1653e",
                "sha256:c04a9c069111489c324f427501b3840d306c6b91a77b00affc136a840a3f45f1"
            ],
            "markers": "python_version >= '3.7'",
            "version": "==0.17.5"
        },
        "wsproto": {
            "hashes": [
                "sha256:868776f8456997ad0d9720f7322b746bbe9193751b5b290b7f924659377c8c38",
                "sha256:d8345d1808dd599b5ffb352c25a367adb6157e664e140dbecba3f9bc007edb9f"
            ],
            "markers": "python_full_version >= '3.6.1'",
            "version": "==1.0.0"
        },
        "zeroconf": {
            "hashes": [
                "sha256:1c1feb71f5cf53baa5e00ff2c550edd30b2e6a20779001332115afa2ef64af72",
                "sha256:3cdd72184881c2d9ba163582cdd133732a3825306f048e58e4eab29f32b95b17"
            ],
            "version": "==0.38.3"
        }
    },
    "develop": {}
}
